// !$*UTF8*$!
{
	archiveVersion = 1;
	classes = {
	};
	objectVersion = 46;
	objects = {

/* Begin PBXBuildFile section */
		2FE67F72BAC99C6B96CA14B2 /* Pods_app.framework in Frameworks */ = {isa = PBXBuildFile; fileRef = E5AA650E37159183E6CE19A0 /* Pods_app.framework */; };
		3995D5D6DA0D4E4C30DE04E8 /* Pods_appTests.framework in Frameworks */ = {isa = PBXBuildFile; fileRef = 26FF7DDE2209FD1922DD043D /* Pods_appTests.framework */; };
		4900DA60672A449C9868F106 /* Pods_appUITests.framework in Frameworks */ = {isa = PBXBuildFile; fileRef = B784A10A7A127D174D316AFD /* Pods_appUITests.framework */; };
		D11AFFA11E549CA400868DED /* User.swift in Sources */ = {isa = PBXBuildFile; fileRef = D11AFFA01E549CA400868DED /* User.swift */; };
		D11AFFA31E54B46900868DED /* Delivery.swift in Sources */ = {isa = PBXBuildFile; fileRef = D11AFFA21E54B46900868DED /* Delivery.swift */; };
		D11AFFAF1E54C6E900868DED /* Localizable.strings in Resources */ = {isa = PBXBuildFile; fileRef = D11AFFB11E54C6E900868DED /* Localizable.strings */; };
		D11AFFBB1E54C99200868DED /* Localizable.strings in Resources */ = {isa = PBXBuildFile; fileRef = D11AFFB71E54C99200868DED /* Localizable.strings */; };
		D11AFFBC1E54C99200868DED /* Localizable.stringsdict in Resources */ = {isa = PBXBuildFile; fileRef = D11AFFB91E54C99200868DED /* Localizable.stringsdict */; };
		D11AFFBF1E54C99A00868DED /* Localizable.stringsdict in Resources */ = {isa = PBXBuildFile; fileRef = D11AFFBD1E54C99A00868DED /* Localizable.stringsdict */; };
		D145519C1E57559100820221 /* LoginViewController.swift in Sources */ = {isa = PBXBuildFile; fileRef = D145519B1E57559100820221 /* LoginViewController.swift */; };
		D145519E1E5766FD00820221 /* UIColor.swift in Sources */ = {isa = PBXBuildFile; fileRef = D145519D1E5766FD00820221 /* UIColor.swift */; };
		D19DE78D1E5B93EE00EF0AC8 /* Constants.swift in Sources */ = {isa = PBXBuildFile; fileRef = D19DE78C1E5B93EE00EF0AC8 /* Constants.swift */; };
		D1A247DB1E5A63FD00AAB90B /* Mailbox.swift in Sources */ = {isa = PBXBuildFile; fileRef = D1A247DA1E5A63FD00AAB90B /* Mailbox.swift */; };
		D1A247DD1E5AA47500AAB90B /* TimeInterval.swift in Sources */ = {isa = PBXBuildFile; fileRef = D1A247DC1E5AA47500AAB90B /* TimeInterval.swift */; };
		D1A247DF1E5AA77400AAB90B /* SemaphoreDatabase.swift in Sources */ = {isa = PBXBuildFile; fileRef = D1A247DE1E5AA77400AAB90B /* SemaphoreDatabase.swift */; };
		D1D29BD41E68CCDE00940BF5 /* DeliveryTableViewCell.swift in Sources */ = {isa = PBXBuildFile; fileRef = D1D29BD21E68CCDE00940BF5 /* DeliveryTableViewCell.swift */; };
		D1D29BD51E68CCDE00940BF5 /* DeliveryTableViewCell.xib in Resources */ = {isa = PBXBuildFile; fileRef = D1D29BD31E68CCDE00940BF5 /* DeliveryTableViewCell.xib */; };
		D1DA7BED1E57DBEB00E25F6A /* SplashViewController.swift in Sources */ = {isa = PBXBuildFile; fileRef = D1DA7BEC1E57DBEB00E25F6A /* SplashViewController.swift */; };
		D1DA7BEF1E57E89B00E25F6A /* SemaphoreUserDefaults.swift in Sources */ = {isa = PBXBuildFile; fileRef = D1DA7BEE1E57E89B00E25F6A /* SemaphoreUserDefaults.swift */; };
		D1E9740A1E6A412400A0CD23 /* DeliveryTransformer.swift in Sources */ = {isa = PBXBuildFile; fileRef = D1E974091E6A412400A0CD23 /* DeliveryTransformer.swift */; };
		D1E9740C1E6A414C00A0CD23 /* MailboxStackView.swift in Sources */ = {isa = PBXBuildFile; fileRef = D1E9740B1E6A414C00A0CD23 /* MailboxStackView.swift */; };
		D1EF20381E53E090000D30B4 /* AppDelegate.swift in Sources */ = {isa = PBXBuildFile; fileRef = D1EF20371E53E090000D30B4 /* AppDelegate.swift */; };
		D1EF203D1E53E090000D30B4 /* Main.storyboard in Resources */ = {isa = PBXBuildFile; fileRef = D1EF203B1E53E090000D30B4 /* Main.storyboard */; };
		D1EF203F1E53E090000D30B4 /* Assets.xcassets in Resources */ = {isa = PBXBuildFile; fileRef = D1EF203E1E53E090000D30B4 /* Assets.xcassets */; };
		D1EF20421E53E090000D30B4 /* LaunchScreen.storyboard in Resources */ = {isa = PBXBuildFile; fileRef = D1EF20401E53E090000D30B4 /* LaunchScreen.storyboard */; };
		D1EF204D1E53E091000D30B4 /* appTests.swift in Sources */ = {isa = PBXBuildFile; fileRef = D1EF204C1E53E091000D30B4 /* appTests.swift */; };
		D1EF20581E53E091000D30B4 /* appUITests.swift in Sources */ = {isa = PBXBuildFile; fileRef = D1EF20571E53E091000D30B4 /* appUITests.swift */; };
		D1EF20681E54245C000D30B4 /* MainViewController.swift in Sources */ = {isa = PBXBuildFile; fileRef = D1EF20671E54245C000D30B4 /* MainViewController.swift */; };
		D1EF206E1E54279A000D30B4 /* GoogleService-Info.plist in Resources */ = {isa = PBXBuildFile; fileRef = D1EF206D1E54279A000D30B4 /* GoogleService-Info.plist */; };
		D1EF206F1E54279A000D30B4 /* GoogleService-Info.plist in Resources */ = {isa = PBXBuildFile; fileRef = D1EF206D1E54279A000D30B4 /* GoogleService-Info.plist */; };
		D1EF20701E54279A000D30B4 /* GoogleService-Info.plist in Resources */ = {isa = PBXBuildFile; fileRef = D1EF206D1E54279A000D30B4 /* GoogleService-Info.plist */; };
		D1F529FD1E69D95E008F7C42 /* DeliveryViewModel.swift in Sources */ = {isa = PBXBuildFile; fileRef = D1F529FC1E69D95E008F7C42 /* DeliveryViewModel.swift */; };
		D1F52A041E69DEC9008F7C42 /* MailboxItemView.swift in Sources */ = {isa = PBXBuildFile; fileRef = D1F52A031E69DEC9008F7C42 /* MailboxItemView.swift */; };
/* End PBXBuildFile section */

/* Begin PBXContainerItemProxy section */
		D1EF20491E53E091000D30B4 /* PBXContainerItemProxy */ = {
			isa = PBXContainerItemProxy;
			containerPortal = D1EF202C1E53E090000D30B4 /* Project object */;
			proxyType = 1;
			remoteGlobalIDString = D1EF20331E53E090000D30B4;
			remoteInfo = app;
		};
		D1EF20541E53E091000D30B4 /* PBXContainerItemProxy */ = {
			isa = PBXContainerItemProxy;
			containerPortal = D1EF202C1E53E090000D30B4 /* Project object */;
			proxyType = 1;
			remoteGlobalIDString = D1EF20331E53E090000D30B4;
			remoteInfo = app;
		};
/* End PBXContainerItemProxy section */

/* Begin PBXFileReference section */
		26FF7DDE2209FD1922DD043D /* Pods_appTests.framework */ = {isa = PBXFileReference; explicitFileType = wrapper.framework; includeInIndex = 0; path = Pods_appTests.framework; sourceTree = BUILT_PRODUCTS_DIR; };
		3393F94C8A2B554E7992D91C /* Pods-appTests.debug.xcconfig */ = {isa = PBXFileReference; includeInIndex = 1; lastKnownFileType = text.xcconfig; name = "Pods-appTests.debug.xcconfig"; path = "Pods/Target Support Files/Pods-appTests/Pods-appTests.debug.xcconfig"; sourceTree = "<group>"; };
		48E4EE53CE7048A7E08208F0 /* Pods-appTests.release.xcconfig */ = {isa = PBXFileReference; includeInIndex = 1; lastKnownFileType = text.xcconfig; name = "Pods-appTests.release.xcconfig"; path = "Pods/Target Support Files/Pods-appTests/Pods-appTests.release.xcconfig"; sourceTree = "<group>"; };
		61654ED496B62A90C44F5266 /* Pods-appUITests.release.xcconfig */ = {isa = PBXFileReference; includeInIndex = 1; lastKnownFileType = text.xcconfig; name = "Pods-appUITests.release.xcconfig"; path = "Pods/Target Support Files/Pods-appUITests/Pods-appUITests.release.xcconfig"; sourceTree = "<group>"; };
		B1F46567977C0CA51A909A27 /* Pods-app.debug.xcconfig */ = {isa = PBXFileReference; includeInIndex = 1; lastKnownFileType = text.xcconfig; name = "Pods-app.debug.xcconfig"; path = "Pods/Target Support Files/Pods-app/Pods-app.debug.xcconfig"; sourceTree = "<group>"; };
		B784A10A7A127D174D316AFD /* Pods_appUITests.framework */ = {isa = PBXFileReference; explicitFileType = wrapper.framework; includeInIndex = 0; path = Pods_appUITests.framework; sourceTree = BUILT_PRODUCTS_DIR; };
		CD2A27245370384741F944B4 /* Pods-appUITests.debug.xcconfig */ = {isa = PBXFileReference; includeInIndex = 1; lastKnownFileType = text.xcconfig; name = "Pods-appUITests.debug.xcconfig"; path = "Pods/Target Support Files/Pods-appUITests/Pods-appUITests.debug.xcconfig"; sourceTree = "<group>"; };
		CECA50FB7C5D44E3E6F75F03 /* Pods-app.release.xcconfig */ = {isa = PBXFileReference; includeInIndex = 1; lastKnownFileType = text.xcconfig; name = "Pods-app.release.xcconfig"; path = "Pods/Target Support Files/Pods-app/Pods-app.release.xcconfig"; sourceTree = "<group>"; };
		D11AFFA01E549CA400868DED /* User.swift */ = {isa = PBXFileReference; fileEncoding = 4; lastKnownFileType = sourcecode.swift; path = User.swift; sourceTree = "<group>"; };
		D11AFFA21E54B46900868DED /* Delivery.swift */ = {isa = PBXFileReference; fileEncoding = 4; lastKnownFileType = sourcecode.swift; path = Delivery.swift; sourceTree = "<group>"; };
		D11AFFAD1E54C68C00868DED /* fr */ = {isa = PBXFileReference; lastKnownFileType = text.plist.strings; name = fr; path = fr.lproj/Main.strings; sourceTree = "<group>"; };
		D11AFFAE1E54C68C00868DED /* fr */ = {isa = PBXFileReference; lastKnownFileType = text.plist.strings; name = fr; path = fr.lproj/LaunchScreen.strings; sourceTree = "<group>"; };
		D11AFFB01E54C6E900868DED /* en */ = {isa = PBXFileReference; lastKnownFileType = text.plist.strings; name = en; path = en.lproj/Localizable.strings; sourceTree = "<group>"; };
		D11AFFB31E54C6F200868DED /* en */ = {isa = PBXFileReference; lastKnownFileType = text.plist.strings; name = en; path = en.lproj/Main.strings; sourceTree = "<group>"; };
		D11AFFB81E54C99200868DED /* fr */ = {isa = PBXFileReference; lastKnownFileType = text.plist.strings; name = fr; path = fr.lproj/Localizable.strings; sourceTree = "<group>"; };
		D11AFFBA1E54C99200868DED /* fr */ = {isa = PBXFileReference; lastKnownFileType = text.plist.stringsdict; name = fr; path = fr.lproj/Localizable.stringsdict; sourceTree = "<group>"; };
		D11AFFBE1E54C99A00868DED /* en */ = {isa = PBXFileReference; lastKnownFileType = text.plist.stringsdict; name = en; path = en.lproj/Localizable.stringsdict; sourceTree = "<group>"; };
		D145519B1E57559100820221 /* LoginViewController.swift */ = {isa = PBXFileReference; fileEncoding = 4; lastKnownFileType = sourcecode.swift; path = LoginViewController.swift; sourceTree = "<group>"; };
		D145519D1E5766FD00820221 /* UIColor.swift */ = {isa = PBXFileReference; fileEncoding = 4; lastKnownFileType = sourcecode.swift; path = UIColor.swift; sourceTree = "<group>"; };
		D19DE78C1E5B93EE00EF0AC8 /* Constants.swift */ = {isa = PBXFileReference; fileEncoding = 4; lastKnownFileType = sourcecode.swift; path = Constants.swift; sourceTree = "<group>"; };
		D1A247DA1E5A63FD00AAB90B /* Mailbox.swift */ = {isa = PBXFileReference; fileEncoding = 4; lastKnownFileType = sourcecode.swift; path = Mailbox.swift; sourceTree = "<group>"; };
		D1A247DC1E5AA47500AAB90B /* TimeInterval.swift */ = {isa = PBXFileReference; fileEncoding = 4; lastKnownFileType = sourcecode.swift; path = TimeInterval.swift; sourceTree = "<group>"; };
		D1A247DE1E5AA77400AAB90B /* SemaphoreDatabase.swift */ = {isa = PBXFileReference; fileEncoding = 4; lastKnownFileType = sourcecode.swift; path = SemaphoreDatabase.swift; sourceTree = "<group>"; };
		D1D29BD21E68CCDE00940BF5 /* DeliveryTableViewCell.swift */ = {isa = PBXFileReference; fileEncoding = 4; lastKnownFileType = sourcecode.swift; path = DeliveryTableViewCell.swift; sourceTree = "<group>"; };
		D1D29BD31E68CCDE00940BF5 /* DeliveryTableViewCell.xib */ = {isa = PBXFileReference; fileEncoding = 4; lastKnownFileType = file.xib; path = DeliveryTableViewCell.xib; sourceTree = "<group>"; };
		D1DA7BEC1E57DBEB00E25F6A /* SplashViewController.swift */ = {isa = PBXFileReference; fileEncoding = 4; lastKnownFileType = sourcecode.swift; path = SplashViewController.swift; sourceTree = "<group>"; };
		D1DA7BEE1E57E89B00E25F6A /* SemaphoreUserDefaults.swift */ = {isa = PBXFileReference; fileEncoding = 4; lastKnownFileType = sourcecode.swift; path = SemaphoreUserDefaults.swift; sourceTree = "<group>"; };
		D1E974091E6A412400A0CD23 /* DeliveryTransformer.swift */ = {isa = PBXFileReference; fileEncoding = 4; lastKnownFileType = sourcecode.swift; name = DeliveryTransformer.swift; path = Transformers/DeliveryTransformer.swift; sourceTree = "<group>"; };
		D1E9740B1E6A414C00A0CD23 /* MailboxStackView.swift */ = {isa = PBXFileReference; fileEncoding = 4; lastKnownFileType = sourcecode.swift; name = MailboxStackView.swift; path = Views/MailboxStackView.swift; sourceTree = "<group>"; };
		D1EF20341E53E090000D30B4 /* app.app */ = {isa = PBXFileReference; explicitFileType = wrapper.application; includeInIndex = 0; path = app.app; sourceTree = BUILT_PRODUCTS_DIR; };
		D1EF20371E53E090000D30B4 /* AppDelegate.swift */ = {isa = PBXFileReference; lastKnownFileType = sourcecode.swift; path = AppDelegate.swift; sourceTree = "<group>"; };
		D1EF203C1E53E090000D30B4 /* Base */ = {isa = PBXFileReference; lastKnownFileType = file.storyboard; name = Base; path = Base.lproj/Main.storyboard; sourceTree = "<group>"; };
		D1EF203E1E53E090000D30B4 /* Assets.xcassets */ = {isa = PBXFileReference; lastKnownFileType = folder.assetcatalog; path = Assets.xcassets; sourceTree = "<group>"; };
		D1EF20411E53E090000D30B4 /* Base */ = {isa = PBXFileReference; lastKnownFileType = file.storyboard; name = Base; path = Base.lproj/LaunchScreen.storyboard; sourceTree = "<group>"; };
		D1EF20431E53E090000D30B4 /* Info.plist */ = {isa = PBXFileReference; lastKnownFileType = text.plist.xml; path = Info.plist; sourceTree = "<group>"; };
		D1EF20481E53E091000D30B4 /* appTests.xctest */ = {isa = PBXFileReference; explicitFileType = wrapper.cfbundle; includeInIndex = 0; path = appTests.xctest; sourceTree = BUILT_PRODUCTS_DIR; };
		D1EF204C1E53E091000D30B4 /* appTests.swift */ = {isa = PBXFileReference; lastKnownFileType = sourcecode.swift; path = appTests.swift; sourceTree = "<group>"; };
		D1EF204E1E53E091000D30B4 /* Info.plist */ = {isa = PBXFileReference; lastKnownFileType = text.plist.xml; path = Info.plist; sourceTree = "<group>"; };
		D1EF20531E53E091000D30B4 /* appUITests.xctest */ = {isa = PBXFileReference; explicitFileType = wrapper.cfbundle; includeInIndex = 0; path = appUITests.xctest; sourceTree = BUILT_PRODUCTS_DIR; };
		D1EF20571E53E091000D30B4 /* appUITests.swift */ = {isa = PBXFileReference; lastKnownFileType = sourcecode.swift; path = appUITests.swift; sourceTree = "<group>"; };
		D1EF20591E53E091000D30B4 /* Info.plist */ = {isa = PBXFileReference; lastKnownFileType = text.plist.xml; path = Info.plist; sourceTree = "<group>"; };
		D1EF20671E54245C000D30B4 /* MainViewController.swift */ = {isa = PBXFileReference; fileEncoding = 4; lastKnownFileType = sourcecode.swift; path = MainViewController.swift; sourceTree = "<group>"; };
		D1EF206D1E54279A000D30B4 /* GoogleService-Info.plist */ = {isa = PBXFileReference; fileEncoding = 4; lastKnownFileType = text.plist.xml; name = "GoogleService-Info.plist"; path = "../../../../Downloads/GoogleService-Info.plist"; sourceTree = "<group>"; };
		D1F529FC1E69D95E008F7C42 /* DeliveryViewModel.swift */ = {isa = PBXFileReference; fileEncoding = 4; lastKnownFileType = sourcecode.swift; name = DeliveryViewModel.swift; path = ViewModels/DeliveryViewModel.swift; sourceTree = "<group>"; };
		D1F52A031E69DEC9008F7C42 /* MailboxItemView.swift */ = {isa = PBXFileReference; fileEncoding = 4; lastKnownFileType = sourcecode.swift; name = MailboxItemView.swift; path = Views/MailboxItemView.swift; sourceTree = "<group>"; };
		E5AA650E37159183E6CE19A0 /* Pods_app.framework */ = {isa = PBXFileReference; explicitFileType = wrapper.framework; includeInIndex = 0; path = Pods_app.framework; sourceTree = BUILT_PRODUCTS_DIR; };
/* End PBXFileReference section */

/* Begin PBXFrameworksBuildPhase section */
		D1EF20311E53E090000D30B4 /* Frameworks */ = {
			isa = PBXFrameworksBuildPhase;
			buildActionMask = 2147483647;
			files = (
				2FE67F72BAC99C6B96CA14B2 /* Pods_app.framework in Frameworks */,
			);
			runOnlyForDeploymentPostprocessing = 0;
		};
		D1EF20451E53E091000D30B4 /* Frameworks */ = {
			isa = PBXFrameworksBuildPhase;
			buildActionMask = 2147483647;
			files = (
				3995D5D6DA0D4E4C30DE04E8 /* Pods_appTests.framework in Frameworks */,
			);
			runOnlyForDeploymentPostprocessing = 0;
		};
		D1EF20501E53E091000D30B4 /* Frameworks */ = {
			isa = PBXFrameworksBuildPhase;
			buildActionMask = 2147483647;
			files = (
				4900DA60672A449C9868F106 /* Pods_appUITests.framework in Frameworks */,
			);
			runOnlyForDeploymentPostprocessing = 0;
		};
/* End PBXFrameworksBuildPhase section */

/* Begin PBXGroup section */
		07D3C3B6276B804EF213F3CA /* Frameworks */ = {
			isa = PBXGroup;
			children = (
				E5AA650E37159183E6CE19A0 /* Pods_app.framework */,
				26FF7DDE2209FD1922DD043D /* Pods_appTests.framework */,
				B784A10A7A127D174D316AFD /* Pods_appUITests.framework */,
			);
			name = Frameworks;
			sourceTree = "<group>";
		};
		37E2F3652252904D2643AE6D /* Pods */ = {
			isa = PBXGroup;
			children = (
				B1F46567977C0CA51A909A27 /* Pods-app.debug.xcconfig */,
				CECA50FB7C5D44E3E6F75F03 /* Pods-app.release.xcconfig */,
				3393F94C8A2B554E7992D91C /* Pods-appTests.debug.xcconfig */,
				48E4EE53CE7048A7E08208F0 /* Pods-appTests.release.xcconfig */,
				CD2A27245370384741F944B4 /* Pods-appUITests.debug.xcconfig */,
				61654ED496B62A90C44F5266 /* Pods-appUITests.release.xcconfig */,
			);
			name = Pods;
			sourceTree = "<group>";
		};
		D11AFFA91E54C0E300868DED /* Base.lproj */ = {
			isa = PBXGroup;
			children = (
				D1EF203B1E53E090000D30B4 /* Main.storyboard */,
				D1EF20401E53E090000D30B4 /* LaunchScreen.storyboard */,
			);
			name = Base.lproj;
			sourceTree = "<group>";
		};
		D11AFFAA1E54C0F100868DED /* en.lproj */ = {
			isa = PBXGroup;
			children = (
				D11AFFB11E54C6E900868DED /* Localizable.strings */,
				D11AFFBD1E54C99A00868DED /* Localizable.stringsdict */,
			);
			name = en.lproj;
			sourceTree = "<group>";
		};
		D11AFFB41E54C84100868DED /* fr.lproj */ = {
			isa = PBXGroup;
			children = (
				D11AFFB71E54C99200868DED /* Localizable.strings */,
				D11AFFB91E54C99200868DED /* Localizable.stringsdict */,
			);
			name = fr.lproj;
			sourceTree = "<group>";
		};
		D1EF202B1E53E090000D30B4 = {
			isa = PBXGroup;
			children = (
				D1EF20361E53E090000D30B4 /* app */,
				D1EF204B1E53E091000D30B4 /* appTests */,
				D1EF20561E53E091000D30B4 /* appUITests */,
				D1EF20351E53E090000D30B4 /* Products */,
				37E2F3652252904D2643AE6D /* Pods */,
				07D3C3B6276B804EF213F3CA /* Frameworks */,
			);
			sourceTree = "<group>";
		};
		D1EF20351E53E090000D30B4 /* Products */ = {
			isa = PBXGroup;
			children = (
				D1EF20341E53E090000D30B4 /* app.app */,
				D1EF20481E53E091000D30B4 /* appTests.xctest */,
				D1EF20531E53E091000D30B4 /* appUITests.xctest */,
			);
			name = Products;
			sourceTree = "<group>";
		};
		D1EF20361E53E090000D30B4 /* app */ = {
			isa = PBXGroup;
			children = (
				D11AFFB41E54C84100868DED /* fr.lproj */,
				D11AFFAA1E54C0F100868DED /* en.lproj */,
				D11AFFA91E54C0E300868DED /* Base.lproj */,
				D1EF20371E53E090000D30B4 /* AppDelegate.swift */,
				D1EF203E1E53E090000D30B4 /* Assets.xcassets */,
				D1EF20431E53E090000D30B4 /* Info.plist */,
				D1F52A051E69E2E9008F7C42 /* Transformers */,
				D1F529F71E69D7B3008F7C42 /* ViewControllers */,
				D1EF206D1E54279A000D30B4 /* GoogleService-Info.plist */,
				D1F529FB1E69D81F008F7C42 /* ViewModels */,
				D1F529F61E69D7A2008F7C42 /* Models */,
				D1F529F81E69D7D3008F7C42 /* Extensions */,
				D1F529F91E69D7E0008F7C42 /* Data */,
				D19DE78C1E5B93EE00EF0AC8 /* Constants.swift */,
				D1F52A001E69DDCE008F7C42 /* Views */,
				D1F529FA1E69D7ED008F7C42 /* TableViewCells */,
			);
			path = app;
			sourceTree = "<group>";
		};
		D1EF204B1E53E091000D30B4 /* appTests */ = {
			isa = PBXGroup;
			children = (
				D1EF204C1E53E091000D30B4 /* appTests.swift */,
				D1EF204E1E53E091000D30B4 /* Info.plist */,
			);
			path = appTests;
			sourceTree = "<group>";
		};
		D1EF20561E53E091000D30B4 /* appUITests */ = {
			isa = PBXGroup;
			children = (
				D1EF20571E53E091000D30B4 /* appUITests.swift */,
				D1EF20591E53E091000D30B4 /* Info.plist */,
			);
			path = appUITests;
			sourceTree = "<group>";
		};
		D1F529F61E69D7A2008F7C42 /* Models */ = {
			isa = PBXGroup;
			children = (
				D11AFFA01E549CA400868DED /* User.swift */,
				D11AFFA21E54B46900868DED /* Delivery.swift */,
				D1A247DA1E5A63FD00AAB90B /* Mailbox.swift */,
			);
			name = Models;
			sourceTree = "<group>";
		};
		D1F529F71E69D7B3008F7C42 /* ViewControllers */ = {
			isa = PBXGroup;
			children = (
				D1EF20671E54245C000D30B4 /* MainViewController.swift */,
				D145519B1E57559100820221 /* LoginViewController.swift */,
				D1DA7BEC1E57DBEB00E25F6A /* SplashViewController.swift */,
			);
			name = ViewControllers;
			sourceTree = "<group>";
		};
		D1F529F81E69D7D3008F7C42 /* Extensions */ = {
			isa = PBXGroup;
			children = (
				D145519D1E5766FD00820221 /* UIColor.swift */,
				D1A247DC1E5AA47500AAB90B /* TimeInterval.swift */,
			);
			name = Extensions;
			sourceTree = "<group>";
		};
		D1F529F91E69D7E0008F7C42 /* Data */ = {
			isa = PBXGroup;
			children = (
				D1DA7BEE1E57E89B00E25F6A /* SemaphoreUserDefaults.swift */,
				D1A247DE1E5AA77400AAB90B /* SemaphoreDatabase.swift */,
			);
			name = Data;
			sourceTree = "<group>";
		};
		D1F529FA1E69D7ED008F7C42 /* TableViewCells */ = {
			isa = PBXGroup;
			children = (
				D1D29BD21E68CCDE00940BF5 /* DeliveryTableViewCell.swift */,
				D1D29BD31E68CCDE00940BF5 /* DeliveryTableViewCell.xib */,
			);
			name = TableViewCells;
			sourceTree = "<group>";
		};
		D1F529FB1E69D81F008F7C42 /* ViewModels */ = {
			isa = PBXGroup;
			children = (
				D1F529FC1E69D95E008F7C42 /* DeliveryViewModel.swift */,
			);
			name = ViewModels;
			sourceTree = "<group>";
		};
		D1F52A001E69DDCE008F7C42 /* Views */ = {
			isa = PBXGroup;
			children = (
				D1E9740B1E6A414C00A0CD23 /* MailboxStackView.swift */,
				D1F52A031E69DEC9008F7C42 /* MailboxItemView.swift */,
			);
			name = Views;
			sourceTree = "<group>";
		};
		D1F52A051E69E2E9008F7C42 /* Transformers */ = {
			isa = PBXGroup;
			children = (
				D1E974091E6A412400A0CD23 /* DeliveryTransformer.swift */,
			);
			name = Transformers;
			sourceTree = "<group>";
		};
/* End PBXGroup section */

/* Begin PBXNativeTarget section */
		D1EF20331E53E090000D30B4 /* app */ = {
			isa = PBXNativeTarget;
			buildConfigurationList = D1EF205C1E53E091000D30B4 /* Build configuration list for PBXNativeTarget "app" */;
			buildPhases = (
				4FA529B94365A3629F982135 /* [CP] Check Pods Manifest.lock */,
				D1EF20301E53E090000D30B4 /* Sources */,
				D1EF20311E53E090000D30B4 /* Frameworks */,
				D1EF20321E53E090000D30B4 /* Resources */,
				D56795BF64FF3D90902537B6 /* [CP] Embed Pods Frameworks */,
				0A0613F1392273C63D3E8B11 /* [CP] Copy Pods Resources */,
			);
			buildRules = (
			);
			dependencies = (
			);
			name = app;
			productName = app;
			productReference = D1EF20341E53E090000D30B4 /* app.app */;
			productType = "com.apple.product-type.application";
		};
		D1EF20471E53E091000D30B4 /* appTests */ = {
			isa = PBXNativeTarget;
			buildConfigurationList = D1EF205F1E53E091000D30B4 /* Build configuration list for PBXNativeTarget "appTests" */;
			buildPhases = (
				B96BC6EC0FA601E7DC79F995 /* [CP] Check Pods Manifest.lock */,
				D1EF20441E53E091000D30B4 /* Sources */,
				D1EF20451E53E091000D30B4 /* Frameworks */,
				D1EF20461E53E091000D30B4 /* Resources */,
				6C4A977C87E200A34DCB0515 /* [CP] Embed Pods Frameworks */,
				A471C81E5447C01A6538806E /* [CP] Copy Pods Resources */,
			);
			buildRules = (
			);
			dependencies = (
				D1EF204A1E53E091000D30B4 /* PBXTargetDependency */,
			);
			name = appTests;
			productName = appTests;
			productReference = D1EF20481E53E091000D30B4 /* appTests.xctest */;
			productType = "com.apple.product-type.bundle.unit-test";
		};
		D1EF20521E53E091000D30B4 /* appUITests */ = {
			isa = PBXNativeTarget;
			buildConfigurationList = D1EF20621E53E091000D30B4 /* Build configuration list for PBXNativeTarget "appUITests" */;
			buildPhases = (
				7DF507D9FED5C445D1515395 /* [CP] Check Pods Manifest.lock */,
				D1EF204F1E53E091000D30B4 /* Sources */,
				D1EF20501E53E091000D30B4 /* Frameworks */,
				D1EF20511E53E091000D30B4 /* Resources */,
				2F66F41D7CB183C6DEA8CCF6 /* [CP] Embed Pods Frameworks */,
				7491F62CB188B47D518DD2A6 /* [CP] Copy Pods Resources */,
			);
			buildRules = (
			);
			dependencies = (
				D1EF20551E53E091000D30B4 /* PBXTargetDependency */,
			);
			name = appUITests;
			productName = appUITests;
			productReference = D1EF20531E53E091000D30B4 /* appUITests.xctest */;
			productType = "com.apple.product-type.bundle.ui-testing";
		};
/* End PBXNativeTarget section */

/* Begin PBXProject section */
		D1EF202C1E53E090000D30B4 /* Project object */ = {
			isa = PBXProject;
			attributes = {
				LastSwiftUpdateCheck = 0820;
				LastUpgradeCheck = 0820;
				ORGANIZATIONNAME = Samson;
				TargetAttributes = {
					D1EF20331E53E090000D30B4 = {
						CreatedOnToolsVersion = 8.2.1;
						DevelopmentTeam = AXQN633PY8;
						ProvisioningStyle = Automatic;
						SystemCapabilities = {
							com.apple.BackgroundModes = {
								enabled = 1;
							};
						};
					};
					D1EF20471E53E091000D30B4 = {
						CreatedOnToolsVersion = 8.2.1;
						ProvisioningStyle = Automatic;
						TestTargetID = D1EF20331E53E090000D30B4;
					};
					D1EF20521E53E091000D30B4 = {
						CreatedOnToolsVersion = 8.2.1;
						ProvisioningStyle = Automatic;
						TestTargetID = D1EF20331E53E090000D30B4;
					};
				};
			};
			buildConfigurationList = D1EF202F1E53E090000D30B4 /* Build configuration list for PBXProject "app" */;
			compatibilityVersion = "Xcode 3.2";
			developmentRegion = English;
			hasScannedForEncodings = 0;
			knownRegions = (
				en,
				Base,
				fr,
			);
			mainGroup = D1EF202B1E53E090000D30B4;
			productRefGroup = D1EF20351E53E090000D30B4 /* Products */;
			projectDirPath = "";
			projectRoot = "";
			targets = (
				D1EF20331E53E090000D30B4 /* app */,
				D1EF20471E53E091000D30B4 /* appTests */,
				D1EF20521E53E091000D30B4 /* appUITests */,
			);
		};
/* End PBXProject section */

/* Begin PBXResourcesBuildPhase section */
		D1EF20321E53E090000D30B4 /* Resources */ = {
			isa = PBXResourcesBuildPhase;
			buildActionMask = 2147483647;
			files = (
				D1D29BD51E68CCDE00940BF5 /* DeliveryTableViewCell.xib in Resources */,
				D11AFFAF1E54C6E900868DED /* Localizable.strings in Resources */,
				D11AFFBB1E54C99200868DED /* Localizable.strings in Resources */,
				D1EF20421E53E090000D30B4 /* LaunchScreen.storyboard in Resources */,
				D1EF206E1E54279A000D30B4 /* GoogleService-Info.plist in Resources */,
				D1EF203F1E53E090000D30B4 /* Assets.xcassets in Resources */,
				D11AFFBF1E54C99A00868DED /* Localizable.stringsdict in Resources */,
				D1EF203D1E53E090000D30B4 /* Main.storyboard in Resources */,
				D11AFFBC1E54C99200868DED /* Localizable.stringsdict in Resources */,
			);
			runOnlyForDeploymentPostprocessing = 0;
		};
		D1EF20461E53E091000D30B4 /* Resources */ = {
			isa = PBXResourcesBuildPhase;
			buildActionMask = 2147483647;
			files = (
				D1EF206F1E54279A000D30B4 /* GoogleService-Info.plist in Resources */,
			);
			runOnlyForDeploymentPostprocessing = 0;
		};
		D1EF20511E53E091000D30B4 /* Resources */ = {
			isa = PBXResourcesBuildPhase;
			buildActionMask = 2147483647;
			files = (
				D1EF20701E54279A000D30B4 /* GoogleService-Info.plist in Resources */,
			);
			runOnlyForDeploymentPostprocessing = 0;
		};
/* End PBXResourcesBuildPhase section */

/* Begin PBXShellScriptBuildPhase section */
		0A0613F1392273C63D3E8B11 /* [CP] Copy Pods Resources */ = {
			isa = PBXShellScriptBuildPhase;
			buildActionMask = 2147483647;
			files = (
			);
			inputPaths = (
			);
			name = "[CP] Copy Pods Resources";
			outputPaths = (
			);
			runOnlyForDeploymentPostprocessing = 0;
			shellPath = /bin/sh;
			shellScript = "\"${SRCROOT}/Pods/Target Support Files/Pods-app/Pods-app-resources.sh\"\n";
			showEnvVarsInLog = 0;
		};
		2F66F41D7CB183C6DEA8CCF6 /* [CP] Embed Pods Frameworks */ = {
			isa = PBXShellScriptBuildPhase;
			buildActionMask = 2147483647;
			files = (
			);
			inputPaths = (
			);
			name = "[CP] Embed Pods Frameworks";
			outputPaths = (
			);
			runOnlyForDeploymentPostprocessing = 0;
			shellPath = /bin/sh;
			shellScript = "\"${SRCROOT}/Pods/Target Support Files/Pods-appUITests/Pods-appUITests-frameworks.sh\"\n";
			showEnvVarsInLog = 0;
		};
		4FA529B94365A3629F982135 /* [CP] Check Pods Manifest.lock */ = {
			isa = PBXShellScriptBuildPhase;
			buildActionMask = 2147483647;
			files = (
			);
			inputPaths = (
			);
			name = "[CP] Check Pods Manifest.lock";
			outputPaths = (
			);
			runOnlyForDeploymentPostprocessing = 0;
			shellPath = /bin/sh;
			shellScript = "diff \"${PODS_ROOT}/../Podfile.lock\" \"${PODS_ROOT}/Manifest.lock\" > /dev/null\nif [ $? != 0 ] ; then\n    # print error to STDERR\n    echo \"error: The sandbox is not in sync with the Podfile.lock. Run 'pod install' or update your CocoaPods installation.\" >&2\n    exit 1\nfi\n";
			showEnvVarsInLog = 0;
		};
		6C4A977C87E200A34DCB0515 /* [CP] Embed Pods Frameworks */ = {
			isa = PBXShellScriptBuildPhase;
			buildActionMask = 2147483647;
			files = (
			);
			inputPaths = (
			);
			name = "[CP] Embed Pods Frameworks";
			outputPaths = (
			);
			runOnlyForDeploymentPostprocessing = 0;
			shellPath = /bin/sh;
			shellScript = "\"${SRCROOT}/Pods/Target Support Files/Pods-appTests/Pods-appTests-frameworks.sh\"\n";
			showEnvVarsInLog = 0;
		};
		7491F62CB188B47D518DD2A6 /* [CP] Copy Pods Resources */ = {
			isa = PBXShellScriptBuildPhase;
			buildActionMask = 2147483647;
			files = (
			);
			inputPaths = (
			);
			name = "[CP] Copy Pods Resources";
			outputPaths = (
			);
			runOnlyForDeploymentPostprocessing = 0;
			shellPath = /bin/sh;
			shellScript = "\"${SRCROOT}/Pods/Target Support Files/Pods-appUITests/Pods-appUITests-resources.sh\"\n";
			showEnvVarsInLog = 0;
		};
		7DF507D9FED5C445D1515395 /* [CP] Check Pods Manifest.lock */ = {
			isa = PBXShellScriptBuildPhase;
			buildActionMask = 2147483647;
			files = (
			);
			inputPaths = (
			);
			name = "[CP] Check Pods Manifest.lock";
			outputPaths = (
			);
			runOnlyForDeploymentPostprocessing = 0;
			shellPath = /bin/sh;
			shellScript = "diff \"${PODS_ROOT}/../Podfile.lock\" \"${PODS_ROOT}/Manifest.lock\" > /dev/null\nif [ $? != 0 ] ; then\n    # print error to STDERR\n    echo \"error: The sandbox is not in sync with the Podfile.lock. Run 'pod install' or update your CocoaPods installation.\" >&2\n    exit 1\nfi\n";
			showEnvVarsInLog = 0;
		};
		A471C81E5447C01A6538806E /* [CP] Copy Pods Resources */ = {
			isa = PBXShellScriptBuildPhase;
			buildActionMask = 2147483647;
			files = (
			);
			inputPaths = (
			);
			name = "[CP] Copy Pods Resources";
			outputPaths = (
			);
			runOnlyForDeploymentPostprocessing = 0;
			shellPath = /bin/sh;
			shellScript = "\"${SRCROOT}/Pods/Target Support Files/Pods-appTests/Pods-appTests-resources.sh\"\n";
			showEnvVarsInLog = 0;
		};
		B96BC6EC0FA601E7DC79F995 /* [CP] Check Pods Manifest.lock */ = {
			isa = PBXShellScriptBuildPhase;
			buildActionMask = 2147483647;
			files = (
			);
			inputPaths = (
			);
			name = "[CP] Check Pods Manifest.lock";
			outputPaths = (
			);
			runOnlyForDeploymentPostprocessing = 0;
			shellPath = /bin/sh;
			shellScript = "diff \"${PODS_ROOT}/../Podfile.lock\" \"${PODS_ROOT}/Manifest.lock\" > /dev/null\nif [ $? != 0 ] ; then\n    # print error to STDERR\n    echo \"error: The sandbox is not in sync with the Podfile.lock. Run 'pod install' or update your CocoaPods installation.\" >&2\n    exit 1\nfi\n";
			showEnvVarsInLog = 0;
		};
		D56795BF64FF3D90902537B6 /* [CP] Embed Pods Frameworks */ = {
			isa = PBXShellScriptBuildPhase;
			buildActionMask = 2147483647;
			files = (
			);
			inputPaths = (
			);
			name = "[CP] Embed Pods Frameworks";
			outputPaths = (
			);
			runOnlyForDeploymentPostprocessing = 0;
			shellPath = /bin/sh;
			shellScript = "\"${SRCROOT}/Pods/Target Support Files/Pods-app/Pods-app-frameworks.sh\"\n";
			showEnvVarsInLog = 0;
		};
/* End PBXShellScriptBuildPhase section */

/* Begin PBXSourcesBuildPhase section */
		D1EF20301E53E090000D30B4 /* Sources */ = {
			isa = PBXSourcesBuildPhase;
			buildActionMask = 2147483647;
			files = (
				D1F529FD1E69D95E008F7C42 /* DeliveryViewModel.swift in Sources */,
				D1A247DF1E5AA77400AAB90B /* SemaphoreDatabase.swift in Sources */,
				D1F52A041E69DEC9008F7C42 /* MailboxItemView.swift in Sources */,
				D1E9740A1E6A412400A0CD23 /* DeliveryTransformer.swift in Sources */,
				D1EF20681E54245C000D30B4 /* MainViewController.swift in Sources */,
				D1A247DD1E5AA47500AAB90B /* TimeInterval.swift in Sources */,
				D1DA7BEF1E57E89B00E25F6A /* SemaphoreUserDefaults.swift in Sources */,
				D145519E1E5766FD00820221 /* UIColor.swift in Sources */,
				D1D29BD41E68CCDE00940BF5 /* DeliveryTableViewCell.swift in Sources */,
				D11AFFA31E54B46900868DED /* Delivery.swift in Sources */,
				D1EF20381E53E090000D30B4 /* AppDelegate.swift in Sources */,
				D145519C1E57559100820221 /* LoginViewController.swift in Sources */,
				D1DA7BED1E57DBEB00E25F6A /* SplashViewController.swift in Sources */,
				D1A247DB1E5A63FD00AAB90B /* Mailbox.swift in Sources */,
				D11AFFA11E549CA400868DED /* User.swift in Sources */,
				D1E9740C1E6A414C00A0CD23 /* MailboxStackView.swift in Sources */,
				D19DE78D1E5B93EE00EF0AC8 /* Constants.swift in Sources */,
			);
			runOnlyForDeploymentPostprocessing = 0;
		};
		D1EF20441E53E091000D30B4 /* Sources */ = {
			isa = PBXSourcesBuildPhase;
			buildActionMask = 2147483647;
			files = (
				D1EF204D1E53E091000D30B4 /* appTests.swift in Sources */,
			);
			runOnlyForDeploymentPostprocessing = 0;
		};
		D1EF204F1E53E091000D30B4 /* Sources */ = {
			isa = PBXSourcesBuildPhase;
			buildActionMask = 2147483647;
			files = (
				D1EF20581E53E091000D30B4 /* appUITests.swift in Sources */,
			);
			runOnlyForDeploymentPostprocessing = 0;
		};
/* End PBXSourcesBuildPhase section */

/* Begin PBXTargetDependency section */
		D1EF204A1E53E091000D30B4 /* PBXTargetDependency */ = {
			isa = PBXTargetDependency;
			target = D1EF20331E53E090000D30B4 /* app */;
			targetProxy = D1EF20491E53E091000D30B4 /* PBXContainerItemProxy */;
		};
		D1EF20551E53E091000D30B4 /* PBXTargetDependency */ = {
			isa = PBXTargetDependency;
			target = D1EF20331E53E090000D30B4 /* app */;
			targetProxy = D1EF20541E53E091000D30B4 /* PBXContainerItemProxy */;
		};
/* End PBXTargetDependency section */

/* Begin PBXVariantGroup section */
		D11AFFB11E54C6E900868DED /* Localizable.strings */ = {
			isa = PBXVariantGroup;
			children = (
				D11AFFB01E54C6E900868DED /* en */,
			);
			name = Localizable.strings;
			sourceTree = "<group>";
		};
		D11AFFB71E54C99200868DED /* Localizable.strings */ = {
			isa = PBXVariantGroup;
			children = (
				D11AFFB81E54C99200868DED /* fr */,
			);
			name = Localizable.strings;
			sourceTree = "<group>";
		};
		D11AFFB91E54C99200868DED /* Localizable.stringsdict */ = {
			isa = PBXVariantGroup;
			children = (
				D11AFFBA1E54C99200868DED /* fr */,
			);
			name = Localizable.stringsdict;
			sourceTree = "<group>";
		};
		D11AFFBD1E54C99A00868DED /* Localizable.stringsdict */ = {
			isa = PBXVariantGroup;
			children = (
				D11AFFBE1E54C99A00868DED /* en */,
			);
			name = Localizable.stringsdict;
			sourceTree = "<group>";
		};
		D1EF203B1E53E090000D30B4 /* Main.storyboard */ = {
			isa = PBXVariantGroup;
			children = (
				D1EF203C1E53E090000D30B4 /* Base */,
				D11AFFAD1E54C68C00868DED /* fr */,
				D11AFFB31E54C6F200868DED /* en */,
			);
			name = Main.storyboard;
			sourceTree = "<group>";
		};
		D1EF20401E53E090000D30B4 /* LaunchScreen.storyboard */ = {
			isa = PBXVariantGroup;
			children = (
				D1EF20411E53E090000D30B4 /* Base */,
				D11AFFAE1E54C68C00868DED /* fr */,
			);
			name = LaunchScreen.storyboard;
			sourceTree = "<group>";
		};
/* End PBXVariantGroup section */

/* Begin XCBuildConfiguration section */
		D1EF205A1E53E091000D30B4 /* Debug */ = {
			isa = XCBuildConfiguration;
			buildSettings = {
				ALWAYS_SEARCH_USER_PATHS = NO;
				CLANG_ANALYZER_LOCALIZABILITY_NONLOCALIZED = YES;
				CLANG_ANALYZER_NONNULL = YES;
				CLANG_CXX_LANGUAGE_STANDARD = "gnu++0x";
				CLANG_CXX_LIBRARY = "libc++";
				CLANG_ENABLE_MODULES = YES;
				CLANG_ENABLE_OBJC_ARC = YES;
				CLANG_WARN_BOOL_CONVERSION = YES;
				CLANG_WARN_CONSTANT_CONVERSION = YES;
				CLANG_WARN_DIRECT_OBJC_ISA_USAGE = YES_ERROR;
				CLANG_WARN_DOCUMENTATION_COMMENTS = YES;
				CLANG_WARN_EMPTY_BODY = YES;
				CLANG_WARN_ENUM_CONVERSION = YES;
				CLANG_WARN_INFINITE_RECURSION = YES;
				CLANG_WARN_INT_CONVERSION = YES;
				CLANG_WARN_OBJC_ROOT_CLASS = YES_ERROR;
				CLANG_WARN_SUSPICIOUS_MOVE = YES;
				CLANG_WARN_UNREACHABLE_CODE = YES;
				CLANG_WARN__DUPLICATE_METHOD_MATCH = YES;
				"CODE_SIGN_IDENTITY[sdk=iphoneos*]" = "iPhone Developer";
				COPY_PHASE_STRIP = NO;
				DEBUG_INFORMATION_FORMAT = dwarf;
				ENABLE_STRICT_OBJC_MSGSEND = YES;
				ENABLE_TESTABILITY = YES;
				GCC_C_LANGUAGE_STANDARD = gnu99;
				GCC_DYNAMIC_NO_PIC = NO;
				GCC_NO_COMMON_BLOCKS = YES;
				GCC_OPTIMIZATION_LEVEL = 0;
				GCC_PREPROCESSOR_DEFINITIONS = (
					"DEBUG=1",
					"$(inherited)",
				);
				GCC_WARN_64_TO_32_BIT_CONVERSION = YES;
				GCC_WARN_ABOUT_RETURN_TYPE = YES_ERROR;
				GCC_WARN_UNDECLARED_SELECTOR = YES;
				GCC_WARN_UNINITIALIZED_AUTOS = YES_AGGRESSIVE;
				GCC_WARN_UNUSED_FUNCTION = YES;
				GCC_WARN_UNUSED_VARIABLE = YES;
				IPHONEOS_DEPLOYMENT_TARGET = 9.0;
				MTL_ENABLE_DEBUG_INFO = YES;
				ONLY_ACTIVE_ARCH = YES;
				SDKROOT = iphoneos;
				SWIFT_ACTIVE_COMPILATION_CONDITIONS = DEBUG;
				SWIFT_OPTIMIZATION_LEVEL = "-Onone";
				TARGETED_DEVICE_FAMILY = "1,2";
			};
			name = Debug;
		};
		D1EF205B1E53E091000D30B4 /* Release */ = {
			isa = XCBuildConfiguration;
			buildSettings = {
				ALWAYS_SEARCH_USER_PATHS = NO;
				CLANG_ANALYZER_LOCALIZABILITY_NONLOCALIZED = YES;
				CLANG_ANALYZER_NONNULL = YES;
				CLANG_CXX_LANGUAGE_STANDARD = "gnu++0x";
				CLANG_CXX_LIBRARY = "libc++";
				CLANG_ENABLE_MODULES = YES;
				CLANG_ENABLE_OBJC_ARC = YES;
				CLANG_WARN_BOOL_CONVERSION = YES;
				CLANG_WARN_CONSTANT_CONVERSION = YES;
				CLANG_WARN_DIRECT_OBJC_ISA_USAGE = YES_ERROR;
				CLANG_WARN_DOCUMENTATION_COMMENTS = YES;
				CLANG_WARN_EMPTY_BODY = YES;
				CLANG_WARN_ENUM_CONVERSION = YES;
				CLANG_WARN_INFINITE_RECURSION = YES;
				CLANG_WARN_INT_CONVERSION = YES;
				CLANG_WARN_OBJC_ROOT_CLASS = YES_ERROR;
				CLANG_WARN_SUSPICIOUS_MOVE = YES;
				CLANG_WARN_UNREACHABLE_CODE = YES;
				CLANG_WARN__DUPLICATE_METHOD_MATCH = YES;
				"CODE_SIGN_IDENTITY[sdk=iphoneos*]" = "iPhone Developer";
				COPY_PHASE_STRIP = NO;
				DEBUG_INFORMATION_FORMAT = "dwarf-with-dsym";
				ENABLE_NS_ASSERTIONS = NO;
				ENABLE_STRICT_OBJC_MSGSEND = YES;
				GCC_C_LANGUAGE_STANDARD = gnu99;
				GCC_NO_COMMON_BLOCKS = YES;
				GCC_WARN_64_TO_32_BIT_CONVERSION = YES;
				GCC_WARN_ABOUT_RETURN_TYPE = YES_ERROR;
				GCC_WARN_UNDECLARED_SELECTOR = YES;
				GCC_WARN_UNINITIALIZED_AUTOS = YES_AGGRESSIVE;
				GCC_WARN_UNUSED_FUNCTION = YES;
				GCC_WARN_UNUSED_VARIABLE = YES;
				IPHONEOS_DEPLOYMENT_TARGET = 9.0;
				MTL_ENABLE_DEBUG_INFO = NO;
				SDKROOT = iphoneos;
				SWIFT_OPTIMIZATION_LEVEL = "-Owholemodule";
				TARGETED_DEVICE_FAMILY = "1,2";
				VALIDATE_PRODUCT = YES;
			};
			name = Release;
		};
		D1EF205D1E53E091000D30B4 /* Debug */ = {
			isa = XCBuildConfiguration;
			baseConfigurationReference = B1F46567977C0CA51A909A27 /* Pods-app.debug.xcconfig */;
			buildSettings = {
				ASSETCATALOG_COMPILER_APPICON_NAME = AppIcon;
				DEVELOPMENT_TEAM = AXQN633PY8;
				INFOPLIST_FILE = app/Info.plist;
				IPHONEOS_DEPLOYMENT_TARGET = 9.0;
				LD_RUNPATH_SEARCH_PATHS = "$(inherited) @executable_path/Frameworks";
				PRODUCT_BUNDLE_IDENTIFIER = ca.semaphore.app;
				PRODUCT_NAME = "$(TARGET_NAME)";
				SWIFT_VERSION = 3.0;
				TARGETED_DEVICE_FAMILY = 1;
			};
			name = Debug;
		};
		D1EF205E1E53E091000D30B4 /* Release */ = {
			isa = XCBuildConfiguration;
			baseConfigurationReference = CECA50FB7C5D44E3E6F75F03 /* Pods-app.release.xcconfig */;
			buildSettings = {
				ASSETCATALOG_COMPILER_APPICON_NAME = AppIcon;
				DEVELOPMENT_TEAM = AXQN633PY8;
				INFOPLIST_FILE = app/Info.plist;
				IPHONEOS_DEPLOYMENT_TARGET = 9.0;
				LD_RUNPATH_SEARCH_PATHS = "$(inherited) @executable_path/Frameworks";
				PRODUCT_BUNDLE_IDENTIFIER = ca.semaphore.app;
				PRODUCT_NAME = "$(TARGET_NAME)";
				SWIFT_VERSION = 3.0;
				TARGETED_DEVICE_FAMILY = 1;
			};
			name = Release;
		};
		D1EF20601E53E091000D30B4 /* Debug */ = {
			isa = XCBuildConfiguration;
			baseConfigurationReference = 3393F94C8A2B554E7992D91C /* Pods-appTests.debug.xcconfig */;
			buildSettings = {
				ALWAYS_EMBED_SWIFT_STANDARD_LIBRARIES = YES;
				BUNDLE_LOADER = "$(TEST_HOST)";
				INFOPLIST_FILE = appTests/Info.plist;
				LD_RUNPATH_SEARCH_PATHS = "$(inherited) @executable_path/Frameworks @loader_path/Frameworks";
				PRODUCT_BUNDLE_IDENTIFIER = ca.semaphore.appTests;
				PRODUCT_NAME = "$(TARGET_NAME)";
				SWIFT_VERSION = 3.0;
				TEST_HOST = "$(BUILT_PRODUCTS_DIR)/app.app/app";
			};
			name = Debug;
		};
		D1EF20611E53E091000D30B4 /* Release */ = {
			isa = XCBuildConfiguration;
			baseConfigurationReference = 48E4EE53CE7048A7E08208F0 /* Pods-appTests.release.xcconfig */;
			buildSettings = {
				ALWAYS_EMBED_SWIFT_STANDARD_LIBRARIES = YES;
				BUNDLE_LOADER = "$(TEST_HOST)";
				INFOPLIST_FILE = appTests/Info.plist;
				LD_RUNPATH_SEARCH_PATHS = "$(inherited) @executable_path/Frameworks @loader_path/Frameworks";
				PRODUCT_BUNDLE_IDENTIFIER = ca.semaphore.appTests;
				PRODUCT_NAME = "$(TARGET_NAME)";
				SWIFT_VERSION = 3.0;
				TEST_HOST = "$(BUILT_PRODUCTS_DIR)/app.app/app";
			};
			name = Release;
		};
		D1EF20631E53E091000D30B4 /* Debug */ = {
			isa = XCBuildConfiguration;
			baseConfigurationReference = CD2A27245370384741F944B4 /* Pods-appUITests.debug.xcconfig */;
			buildSettings = {
				ALWAYS_EMBED_SWIFT_STANDARD_LIBRARIES = YES;
				INFOPLIST_FILE = appUITests/Info.plist;
				LD_RUNPATH_SEARCH_PATHS = "$(inherited) @executable_path/Frameworks @loader_path/Frameworks";
				PRODUCT_BUNDLE_IDENTIFIER = ca.semaphore.appUITests;
				PRODUCT_NAME = "$(TARGET_NAME)";
				SWIFT_VERSION = 3.0;
				TEST_TARGET_NAME = app;
			};
			name = Debug;
		};
		D1EF20641E53E091000D30B4 /* Release */ = {
			isa = XCBuildConfiguration;
			baseConfigurationReference = 61654ED496B62A90C44F5266 /* Pods-appUITests.release.xcconfig */;
			buildSettings = {
				ALWAYS_EMBED_SWIFT_STANDARD_LIBRARIES = YES;
				INFOPLIST_FILE = appUITests/Info.plist;
				LD_RUNPATH_SEARCH_PATHS = "$(inherited) @executable_path/Frameworks @loader_path/Frameworks";
				PRODUCT_BUNDLE_IDENTIFIER = ca.semaphore.appUITests;
				PRODUCT_NAME = "$(TARGET_NAME)";
				SWIFT_VERSION = 3.0;
				TEST_TARGET_NAME = app;
			};
			name = Release;
		};
/* End XCBuildConfiguration section */

/* Begin XCConfigurationList section */
		D1EF202F1E53E090000D30B4 /* Build configuration list for PBXProject "app" */ = {
			isa = XCConfigurationList;
			buildConfigurations = (
				D1EF205A1E53E091000D30B4 /* Debug */,
				D1EF205B1E53E091000D30B4 /* Release */,
			);
			defaultConfigurationIsVisible = 0;
			defaultConfigurationName = Release;
		};
		D1EF205C1E53E091000D30B4 /* Build configuration list for PBXNativeTarget "app" */ = {
			isa = XCConfigurationList;
			buildConfigurations = (
				D1EF205D1E53E091000D30B4 /* Debug */,
				D1EF205E1E53E091000D30B4 /* Release */,
			);
			defaultConfigurationIsVisible = 0;
			defaultConfigurationName = Release;
		};
		D1EF205F1E53E091000D30B4 /* Build configuration list for PBXNativeTarget "appTests" */ = {
			isa = XCConfigurationList;
			buildConfigurations = (
				D1EF20601E53E091000D30B4 /* Debug */,
				D1EF20611E53E091000D30B4 /* Release */,
			);
			defaultConfigurationIsVisible = 0;
			defaultConfigurationName = Release;
		};
		D1EF20621E53E091000D30B4 /* Build configuration list for PBXNativeTarget "appUITests" */ = {
			isa = XCConfigurationList;
			buildConfigurations = (
				D1EF20631E53E091000D30B4 /* Debug */,
				D1EF20641E53E091000D30B4 /* Release */,
			);
			defaultConfigurationIsVisible = 0;
			defaultConfigurationName = Release;
		};
/* End XCConfigurationList section */
	};
	rootObject = D1EF202C1E53E090000D30B4 /* Project object */;
}
